// !$*UTF8*$!
{
	archiveVersion = 1;
	classes = {
	};
	objectVersion = 55;
	objects = {

/* Begin PBXBuildFile section */
		B206B39D2959A21700D733AC /* RegisterViewController.swift in Sources */ = {isa = PBXBuildFile; fileRef = B206B39C2959A21700D733AC /* RegisterViewController.swift */; };
		B206B39F295C455100D733AC /* UIView+Extenstion.swift in Sources */ = {isa = PBXBuildFile; fileRef = B206B39E295C455100D733AC /* UIView+Extenstion.swift */; };
		B206B3A1295C4BD700D733AC /* UIViewController+Extension.swift in Sources */ = {isa = PBXBuildFile; fileRef = B206B3A0295C4BD600D733AC /* UIViewController+Extension.swift */; };
		B206B3A329AF184A00D733AC /* UserInfo.swift in Sources */ = {isa = PBXBuildFile; fileRef = B206B3A229AF184A00D733AC /* UserInfo.swift */; };
		B27153AF28B63A5900E30BE4 /* AppDelegate.swift in Sources */ = {isa = PBXBuildFile; fileRef = B27153AE28B63A5900E30BE4 /* AppDelegate.swift */; };
		B27153B128B63A5900E30BE4 /* SceneDelegate.swift in Sources */ = {isa = PBXBuildFile; fileRef = B27153B028B63A5900E30BE4 /* SceneDelegate.swift */; };
		B27153B628B63A5900E30BE4 /* Main.storyboard in Resources */ = {isa = PBXBuildFile; fileRef = B27153B428B63A5900E30BE4 /* Main.storyboard */; };
		B27153B828B63A5A00E30BE4 /* Assets.xcassets in Resources */ = {isa = PBXBuildFile; fileRef = B27153B728B63A5A00E30BE4 /* Assets.xcassets */; };
		B27153BB28B63A5A00E30BE4 /* LaunchScreen.storyboard in Resources */ = {isa = PBXBuildFile; fileRef = B27153B928B63A5A00E30BE4 /* LaunchScreen.storyboard */; };
		B27D4C2928C0978D00CADEBD /* LoginViewController.swift in Sources */ = {isa = PBXBuildFile; fileRef = B27D4C2828C0978D00CADEBD /* LoginViewController.swift */; };
		B288C54A29B0F6D9004FAAB6 /* HomeViewController.swift in Sources */ = {isa = PBXBuildFile; fileRef = B288C54929B0F6D9004FAAB6 /* HomeViewController.swift */; };
		B288C54E29B0FA1A004FAAB6 /* FeedTableViewCell.swift in Sources */ = {isa = PBXBuildFile; fileRef = B288C54C29B0FA1A004FAAB6 /* FeedTableViewCell.swift */; };
		B288C54F29B0FA1A004FAAB6 /* FeedTableViewCell.xib in Resources */ = {isa = PBXBuildFile; fileRef = B288C54D29B0FA1A004FAAB6 /* FeedTableViewCell.xib */; };
/* End PBXBuildFile section */

/* Begin PBXFileReference section */
		B206B39C2959A21700D733AC /* RegisterViewController.swift */ = {isa = PBXFileReference; lastKnownFileType = sourcecode.swift; path = RegisterViewController.swift; sourceTree = "<group>"; };
		B206B39E295C455100D733AC /* UIView+Extenstion.swift */ = {isa = PBXFileReference; lastKnownFileType = sourcecode.swift; path = "UIView+Extenstion.swift"; sourceTree = "<group>"; };
		B206B3A0295C4BD600D733AC /* UIViewController+Extension.swift */ = {isa = PBXFileReference; lastKnownFileType = sourcecode.swift; path = "UIViewController+Extension.swift"; sourceTree = "<group>"; };
		B206B3A229AF184A00D733AC /* UserInfo.swift */ = {isa = PBXFileReference; lastKnownFileType = sourcecode.swift; path = UserInfo.swift; sourceTree = "<group>"; };
		B27153AB28B63A5900E30BE4 /* CatStaGram.app */ = {isa = PBXFileReference; explicitFileType = wrapper.application; includeInIndex = 0; path = CatStaGram.app; sourceTree = BUILT_PRODUCTS_DIR; };
		B27153AE28B63A5900E30BE4 /* AppDelegate.swift */ = {isa = PBXFileReference; lastKnownFileType = sourcecode.swift; path = AppDelegate.swift; sourceTree = "<group>"; };
		B27153B028B63A5900E30BE4 /* SceneDelegate.swift */ = {isa = PBXFileReference; lastKnownFileType = sourcecode.swift; path = SceneDelegate.swift; sourceTree = "<group>"; };
		B27153B528B63A5900E30BE4 /* Base */ = {isa = PBXFileReference; lastKnownFileType = file.storyboard; name = Base; path = Base.lproj/Main.storyboard; sourceTree = "<group>"; };
		B27153B728B63A5A00E30BE4 /* Assets.xcassets */ = {isa = PBXFileReference; lastKnownFileType = folder.assetcatalog; path = Assets.xcassets; sourceTree = "<group>"; };
		B27153BA28B63A5A00E30BE4 /* Base */ = {isa = PBXFileReference; lastKnownFileType = file.storyboard; name = Base; path = Base.lproj/LaunchScreen.storyboard; sourceTree = "<group>"; };
		B27153BC28B63A5A00E30BE4 /* Info.plist */ = {isa = PBXFileReference; lastKnownFileType = text.plist.xml; path = Info.plist; sourceTree = "<group>"; };
		B27D4C2828C0978D00CADEBD /* LoginViewController.swift */ = {isa = PBXFileReference; lastKnownFileType = sourcecode.swift; path = LoginViewController.swift; sourceTree = "<group>"; };
		B288C54929B0F6D9004FAAB6 /* HomeViewController.swift */ = {isa = PBXFileReference; lastKnownFileType = sourcecode.swift; path = HomeViewController.swift; sourceTree = "<group>"; };
		B288C54C29B0FA1A004FAAB6 /* FeedTableViewCell.swift */ = {isa = PBXFileReference; lastKnownFileType = sourcecode.swift; path = FeedTableViewCell.swift; sourceTree = "<group>"; };
		B288C54D29B0FA1A004FAAB6 /* FeedTableViewCell.xib */ = {isa = PBXFileReference; lastKnownFileType = file.xib; path = FeedTableViewCell.xib; sourceTree = "<group>"; };
/* End PBXFileReference section */

/* Begin PBXFrameworksBuildPhase section */
		B27153A828B63A5900E30BE4 /* Frameworks */ = {
			isa = PBXFrameworksBuildPhase;
			buildActionMask = 2147483647;
			files = (
			);
			runOnlyForDeploymentPostprocessing = 0;
		};
/* End PBXFrameworksBuildPhase section */

/* Begin PBXGroup section */
		B27153A228B63A5900E30BE4 = {
			isa = PBXGroup;
			children = (
				B27153AD28B63A5900E30BE4 /* CatStaGram */,
				B27153AC28B63A5900E30BE4 /* Products */,
			);
			sourceTree = "<group>";
		};
		B27153AC28B63A5900E30BE4 /* Products */ = {
			isa = PBXGroup;
			children = (
				B27153AB28B63A5900E30BE4 /* CatStaGram.app */,
			);
			name = Products;
			sourceTree = "<group>";
		};
		B27153AD28B63A5900E30BE4 /* CatStaGram */ = {
			isa = PBXGroup;
			children = (
				B288C54829B0F6CC004FAAB6 /* Home */,
				B27153AE28B63A5900E30BE4 /* AppDelegate.swift */,
				B27153B028B63A5900E30BE4 /* SceneDelegate.swift */,
				B27153B428B63A5900E30BE4 /* Main.storyboard */,
				B27D4C2828C0978D00CADEBD /* LoginViewController.swift */,
				B206B39C2959A21700D733AC /* RegisterViewController.swift */,
				B206B3A229AF184A00D733AC /* UserInfo.swift */,
				B206B39E295C455100D733AC /* UIView+Extenstion.swift */,
				B206B3A0295C4BD600D733AC /* UIViewController+Extension.swift */,
				B27153B728B63A5A00E30BE4 /* Assets.xcassets */,
				B27153B928B63A5A00E30BE4 /* LaunchScreen.storyboard */,
				B27153BC28B63A5A00E30BE4 /* Info.plist */,
			);
			path = CatStaGram;
			sourceTree = "<group>";
		};
		B288C54829B0F6CC004FAAB6 /* Home */ = {
			isa = PBXGroup;
			children = (
				B288C54B29B0F9F5004FAAB6 /* Cell */,
				B288C54929B0F6D9004FAAB6 /* HomeViewController.swift */,
			);
			path = Home;
			sourceTree = "<group>";
		};
		B288C54B29B0F9F5004FAAB6 /* Cell */ = {
			isa = PBXGroup;
			children = (
				B288C54C29B0FA1A004FAAB6 /* FeedTableViewCell.swift */,
				B288C54D29B0FA1A004FAAB6 /* FeedTableViewCell.xib */,
			);
			path = Cell;
			sourceTree = "<group>";
		};
/* End PBXGroup section */

/* Begin PBXNativeTarget section */
		B27153AA28B63A5900E30BE4 /* CatStaGram */ = {
			isa = PBXNativeTarget;
			buildConfigurationList = B27153BF28B63A5A00E30BE4 /* Build configuration list for PBXNativeTarget "CatStaGram" */;
			buildPhases = (
				B27153A728B63A5900E30BE4 /* Sources */,
				B27153A828B63A5900E30BE4 /* Frameworks */,
				B27153A928B63A5900E30BE4 /* Resources */,
			);
			buildRules = (
			);
			dependencies = (
			);
			name = CatStaGram;
			productName = CatStaGram;
			productReference = B27153AB28B63A5900E30BE4 /* CatStaGram.app */;
			productType = "com.apple.product-type.application";
		};
/* End PBXNativeTarget section */

/* Begin PBXProject section */
		B27153A328B63A5900E30BE4 /* Project object */ = {
			isa = PBXProject;
			attributes = {
				BuildIndependentTargetsInParallel = 1;
				LastSwiftUpdateCheck = 1340;
				LastUpgradeCheck = 1340;
				TargetAttributes = {
					B27153AA28B63A5900E30BE4 = {
						CreatedOnToolsVersion = 13.4.1;
					};
				};
			};
			buildConfigurationList = B27153A628B63A5900E30BE4 /* Build configuration list for PBXProject "CatStaGram" */;
			compatibilityVersion = "Xcode 13.0";
			developmentRegion = en;
			hasScannedForEncodings = 0;
			knownRegions = (
				en,
				Base,
			);
			mainGroup = B27153A228B63A5900E30BE4;
			productRefGroup = B27153AC28B63A5900E30BE4 /* Products */;
			projectDirPath = "";
			projectRoot = "";
			targets = (
				B27153AA28B63A5900E30BE4 /* CatStaGram */,
			);
		};
/* End PBXProject section */

/* Begin PBXResourcesBuildPhase section */
		B27153A928B63A5900E30BE4 /* Resources */ = {
			isa = PBXResourcesBuildPhase;
			buildActionMask = 2147483647;
			files = (
				B27153BB28B63A5A00E30BE4 /* LaunchScreen.storyboard in Resources */,
				B288C54F29B0FA1A004FAAB6 /* FeedTableViewCell.xib in Resources */,
				B27153B828B63A5A00E30BE4 /* Assets.xcassets in Resources */,
				B27153B628B63A5900E30BE4 /* Main.storyboard in Resources */,
			);
			runOnlyForDeploymentPostprocessing = 0;
		};
/* End PBXResourcesBuildPhase section */

/* Begin PBXSourcesBuildPhase section */
		B27153A728B63A5900E30BE4 /* Sources */ = {
			isa = PBXSourcesBuildPhase;
			buildActionMask = 2147483647;
			files = (
				B206B3A1295C4BD700D733AC /* UIViewController+Extension.swift in Sources */,
				B206B39F295C455100D733AC /* UIView+Extenstion.swift in Sources */,
				B27D4C2928C0978D00CADEBD /* LoginViewController.swift in Sources */,
				B288C54A29B0F6D9004FAAB6 /* HomeViewController.swift in Sources */,
				B27153AF28B63A5900E30BE4 /* AppDelegate.swift in Sources */,
				B27153B128B63A5900E30BE4 /* SceneDelegate.swift in Sources */,
				B206B3A329AF184A00D733AC /* UserInfo.swift in Sources */,
				B288C54E29B0FA1A004FAAB6 /* FeedTableViewCell.swift in Sources */,
				B206B39D2959A21700D733AC /* RegisterViewController.swift in Sources */,
			);
			runOnlyForDeploymentPostprocessing = 0;
		};
/* End PBXSourcesBuildPhase section */

/* Begin PBXVariantGroup section */
		B27153B428B63A5900E30BE4 /* Main.storyboard */ = {
			isa = PBXVariantGroup;
			children = (
				B27153B528B63A5900E30BE4 /* Base */,
			);
			name = Main.storyboard;
			sourceTree = "<group>";
		};
		B27153B928B63A5A00E30BE4 /* LaunchScreen.storyboard */ = {
			isa = PBXVariantGroup;
			children = (
				B27153BA28B63A5A00E30BE4 /* Base */,
			);
			name = LaunchScreen.storyboard;
			sourceTree = "<group>";
		};
/* End PBXVariantGroup section */

/* Begin XCBuildConfiguration section */
		B27153BD28B63A5A00E30BE4 /* Debug */ = {
			isa = XCBuildConfiguration;
			buildSettings = {
				ALWAYS_SEARCH_USER_PATHS = NO;
				CLANG_ANALYZER_NONNULL = YES;
				CLANG_ANALYZER_NUMBER_OBJECT_CONVERSION = YES_AGGRESSIVE;
				CLANG_CXX_LANGUAGE_STANDARD = "gnu++17";
				CLANG_ENABLE_MODULES = YES;
				CLANG_ENABLE_OBJC_ARC = YES;
				CLANG_ENABLE_OBJC_WEAK = YES;
				CLANG_WARN_BLOCK_CAPTURE_AUTORELEASING = YES;
				CLANG_WARN_BOOL_CONVERSION = YES;
				CLANG_WARN_COMMA = YES;
				CLANG_WARN_CONSTANT_CONVERSION = YES;
				CLANG_WARN_DEPRECATED_OBJC_IMPLEMENTATIONS = YES;
				CLANG_WARN_DIRECT_OBJC_ISA_USAGE = YES_ERROR;
				CLANG_WARN_DOCUMENTATION_COMMENTS = YES;
				CLANG_WARN_EMPTY_BODY = YES;
				CLANG_WARN_ENUM_CONVERSION = YES;
				CLANG_WARN_INFINITE_RECURSION = YES;
				CLANG_WARN_INT_CONVERSION = YES;
				CLANG_WARN_NON_LITERAL_NULL_CONVERSION = YES;
				CLANG_WARN_OBJC_IMPLICIT_RETAIN_SELF = YES;
				CLANG_WARN_OBJC_LITERAL_CONVERSION = YES;
				CLANG_WARN_OBJC_ROOT_CLASS = YES_ERROR;
				CLANG_WARN_QUOTED_INCLUDE_IN_FRAMEWORK_HEADER = YES;
				CLANG_WARN_RANGE_LOOP_ANALYSIS = YES;
				CLANG_WARN_STRICT_PROTOTYPES = YES;
				CLANG_WARN_SUSPICIOUS_MOVE = YES;
				CLANG_WARN_UNGUARDED_AVAILABILITY = YES_AGGRESSIVE;
				CLANG_WARN_UNREACHABLE_CODE = YES;
				CLANG_WARN__DUPLICATE_METHOD_MATCH = YES;
				COPY_PHASE_STRIP = NO;
				DEBUG_INFORMATION_FORMAT = dwarf;
				ENABLE_STRICT_OBJC_MSGSEND = YES;
				ENABLE_TESTABILITY = YES;
				GCC_C_LANGUAGE_STANDARD = gnu11;
				GCC_DYNAMIC_NO_PIC = NO;
				GCC_NO_COMMON_BLOCKS = YES;
				GCC_OPTIMIZATION_LEVEL = 0;
				GCC_PREPROCESSOR_DEFINITIONS = (
					"DEBUG=1",
					"$(inherited)",
				);
				GCC_WARN_64_TO_32_BIT_CONVERSION = YES;
				GCC_WARN_ABOUT_RETURN_TYPE = YES_ERROR;
				GCC_WARN_UNDECLARED_SELECTOR = YES;
				GCC_WARN_UNINITIALIZED_AUTOS = YES_AGGRESSIVE;
				GCC_WARN_UNUSED_FUNCTION = YES;
				GCC_WARN_UNUSED_VARIABLE = YES;
				IPHONEOS_DEPLOYMENT_TARGET = 15.5;
				MTL_ENABLE_DEBUG_INFO = INCLUDE_SOURCE;
				MTL_FAST_MATH = YES;
				ONLY_ACTIVE_ARCH = YES;
				SDKROOT = iphoneos;
				SWIFT_ACTIVE_COMPILATION_CONDITIONS = DEBUG;
				SWIFT_OPTIMIZATION_LEVEL = "-Onone";
			};
			name = Debug;
		};
		B27153BE28B63A5A00E30BE4 /* Release */ = {
			isa = XCBuildConfiguration;
			buildSettings = {
				ALWAYS_SEARCH_USER_PATHS = NO;
				CLANG_ANALYZER_NONNULL = YES;
				CLANG_ANALYZER_NUMBER_OBJECT_CONVERSION = YES_AGGRESSIVE;
				CLANG_CXX_LANGUAGE_STANDARD = "gnu++17";
				CLANG_ENABLE_MODULES = YES;
				CLANG_ENABLE_OBJC_ARC = YES;
				CLANG_ENABLE_OBJC_WEAK = YES;
				CLANG_WARN_BLOCK_CAPTURE_AUTORELEASING = YES;
				CLANG_WARN_BOOL_CONVERSION = YES;
				CLANG_WARN_COMMA = YES;
				CLANG_WARN_CONSTANT_CONVERSION = YES;
				CLANG_WARN_DEPRECATED_OBJC_IMPLEMENTATIONS = YES;
				CLANG_WARN_DIRECT_OBJC_ISA_USAGE = YES_ERROR;
				CLANG_WARN_DOCUMENTATION_COMMENTS = YES;
				CLANG_WARN_EMPTY_BODY = YES;
				CLANG_WARN_ENUM_CONVERSION = YES;
				CLANG_WARN_INFINITE_RECURSION = YES;
				CLANG_WARN_INT_CONVERSION = YES;
				CLANG_WARN_NON_LITERAL_NULL_CONVERSION = YES;
				CLANG_WARN_OBJC_IMPLICIT_RETAIN_SELF = YES;
				CLANG_WARN_OBJC_LITERAL_CONVERSION = YES;
				CLANG_WARN_OBJC_ROOT_CLASS = YES_ERROR;
				CLANG_WARN_QUOTED_INCLUDE_IN_FRAMEWORK_HEADER = YES;
				CLANG_WARN_RANGE_LOOP_ANALYSIS = YES;
				CLANG_WARN_STRICT_PROTOTYPES = YES;
				CLANG_WARN_SUSPICIOUS_MOVE = YES;
				CLANG_WARN_UNGUARDED_AVAILABILITY = YES_AGGRESSIVE;
				CLANG_WARN_UNREACHABLE_CODE = YES;
				CLANG_WARN__DUPLICATE_METHOD_MATCH = YES;
				COPY_PHASE_STRIP = NO;
				DEBUG_INFORMATION_FORMAT = "dwarf-with-dsym";
				ENABLE_NS_ASSERTIONS = NO;
				ENABLE_STRICT_OBJC_MSGSEND = YES;
				GCC_C_LANGUAGE_STANDARD = gnu11;
				GCC_NO_COMMON_BLOCKS = YES;
				GCC_WARN_64_TO_32_BIT_CONVERSION = YES;
				GCC_WARN_ABOUT_RETURN_TYPE = YES_ERROR;
				GCC_WARN_UNDECLARED_SELECTOR = YES;
				GCC_WARN_UNINITIALIZED_AUTOS = YES_AGGRESSIVE;
				GCC_WARN_UNUSED_FUNCTION = YES;
				GCC_WARN_UNUSED_VARIABLE = YES;
				IPHONEOS_DEPLOYMENT_TARGET = 15.5;
				MTL_ENABLE_DEBUG_INFO = NO;
				MTL_FAST_MATH = YES;
				SDKROOT = iphoneos;
				SWIFT_COMPILATION_MODE = wholemodule;
				SWIFT_OPTIMIZATION_LEVEL = "-O";
				VALIDATE_PRODUCT = YES;
			};
			name = Release;
		};
		B27153C028B63A5A00E30BE4 /* Debug */ = {
			isa = XCBuildConfiguration;
			buildSettings = {
				ASSETCATALOG_COMPILER_APPICON_NAME = AppIcon;
				ASSETCATALOG_COMPILER_GLOBAL_ACCENT_COLOR_NAME = AccentColor;
				CODE_SIGN_STYLE = Automatic;
				CURRENT_PROJECT_VERSION = 1;
				DEVELOPMENT_TEAM = 528WDV83J7;
				GENERATE_INFOPLIST_FILE = YES;
				INFOPLIST_FILE = CatStaGram/Info.plist;
				INFOPLIST_KEY_UIApplicationSupportsIndirectInputEvents = YES;
				INFOPLIST_KEY_UILaunchStoryboardName = LaunchScreen;
				INFOPLIST_KEY_UIMainStoryboardFile = Main;
				INFOPLIST_KEY_UISupportedInterfaceOrientations_iPad = "UIInterfaceOrientationPortrait UIInterfaceOrientationPortraitUpsideDown UIInterfaceOrientationLandscapeLeft UIInterfaceOrientationLandscapeRight";
				INFOPLIST_KEY_UISupportedInterfaceOrientations_iPhone = "UIInterfaceOrientationPortrait UIInterfaceOrientationLandscapeLeft UIInterfaceOrientationLandscapeRight";
				LD_RUNPATH_SEARCH_PATHS = (
					"$(inherited)",
					"@executable_path/Frameworks",
				);
				MARKETING_VERSION = 1.0;
				PRODUCT_BUNDLE_IDENTIFIER = com.yelin.CatStaGram;
				PRODUCT_NAME = "$(TARGET_NAME)";
				SWIFT_EMIT_LOC_STRINGS = YES;
				SWIFT_VERSION = 5.0;
				TARGETED_DEVICE_FAMILY = "1,2";
			};
			name = Debug;
		};
		B27153C128B63A5A00E30BE4 /* Release */ = {
			isa = XCBuildConfiguration;
			buildSettings = {
				ASSETCATALOG_COMPILER_APPICON_NAME = AppIcon;
				ASSETCATALOG_COMPILER_GLOBAL_ACCENT_COLOR_NAME = AccentColor;
				CODE_SIGN_STYLE = Automatic;
				CURRENT_PROJECT_VERSION = 1;
				DEVELOPMENT_TEAM = 528WDV83J7;
				GENERATE_INFOPLIST_FILE = YES;
				INFOPLIST_FILE = CatStaGram/Info.plist;
				INFOPLIST_KEY_UIApplicationSupportsIndirectInputEvents = YES;
				INFOPLIST_KEY_UILaunchStoryboardName = LaunchScreen;
				INFOPLIST_KEY_UIMainStoryboardFile = Main;
				INFOPLIST_KEY_UISupportedInterfaceOrientations_iPad = "UIInterfaceOrientationPortrait UIInterfaceOrientationPortraitUpsideDown UIInterfaceOrientationLandscapeLeft UIInterfaceOrientationLandscapeRight";
				INFOPLIST_KEY_UISupportedInterfaceOrientations_iPhone = "UIInterfaceOrientationPortrait UIInterfaceOrientationLandscapeLeft UIInterfaceOrientationLandscapeRight";
				LD_RUNPATH_SEARCH_PATHS = (
					"$(inherited)",
					"@executable_path/Frameworks",
				);
				MARKETING_VERSION = 1.0;
				PRODUCT_BUNDLE_IDENTIFIER = com.yelin.CatStaGram;
				PRODUCT_NAME = "$(TARGET_NAME)";
				SWIFT_EMIT_LOC_STRINGS = YES;
				SWIFT_VERSION = 5.0;
				TARGETED_DEVICE_FAMILY = "1,2";
			};
			name = Release;
		};
/* End XCBuildConfiguration section */

/* Begin XCConfigurationList section */
		B27153A628B63A5900E30BE4 /* Build configuration list for PBXProject "CatStaGram" */ = {
			isa = XCConfigurationList;
			buildConfigurations = (
				B27153BD28B63A5A00E30BE4 /* Debug */,
				B27153BE28B63A5A00E30BE4 /* Release */,
			);
			defaultConfigurationIsVisible = 0;
			defaultConfigurationName = Release;
		};
		B27153BF28B63A5A00E30BE4 /* Build configuration list for PBXNativeTarget "CatStaGram" */ = {
			isa = XCConfigurationList;
			buildConfigurations = (
				B27153C028B63A5A00E30BE4 /* Debug */,
				B27153C128B63A5A00E30BE4 /* Release */,
			);
			defaultConfigurationIsVisible = 0;
			defaultConfigurationName = Release;
		};
/* End XCConfigurationList section */
	};
	rootObject = B27153A328B63A5900E30BE4 /* Project object */;
}
